
Microsoft Visual Studio Solution File, Format Version 12.00
# Visual Studio Version 17
VisualStudioVersion = 17.1.31911.260
MinimumVisualStudioVersion = 10.0.40219.1
Project("{FAE04EC0-301F-11D3-BF4B-00C04F79EFBC}") = "TestingLINQ", "TestingLINQ.csproj", "{DCDC1AD0-10F8-46C9-9B81-B3970BEFB951}"
EndProject
Global
	GlobalSection(SolutionConfigurationPlatforms) = preSolution
		Debug|Any CPU = Debug|Any CPU
		Release|Any CPU = Release|Any CPU
	EndGlobalSection
	GlobalSection(ProjectConfigurationPlatforms) = postSolution
		{DCDC1AD0-10F8-46C9-9B81-B3970BEFB951}.Debug|Any CPU.ActiveCfg = Debug|Any CPU
		{DCDC1AD0-10F8-46C9-9B81-B3970BEFB951}.Debug|Any CPU.Build.0 = Debug|Any CPU
		{DCDC1AD0-10F8-46C9-9B81-B3970BEFB951}.Release|Any CPU.ActiveCfg = Release|Any CPU
		{DCDC1AD0-10F8-46C9-9B81-B3970BEFB951}.Release|Any CPU.Build.0 = Release|Any CPU
	EndGlobalSection
	GlobalSection(SolutionProperties) = preSolution
		HideSolutionNode = FALSE
	EndGlobalSection
	GlobalSection(ExtensibilityGlobals) = postSolution
		SolutionGuid = {94AF32EA-5E44-4C43-A351-654B9F361DF4}
	EndGlobalSection
EndGlobal
